
Microsoft Visual Studio Solution File, Format Version 12.00
# Visual Studio Version 16
VisualStudioVersion = 16.0.31729.503
MinimumVisualStudioVersion = 10.0.40219.1
Project("{FAE04EC0-301F-11D3-BF4B-00C04F79EFBC}") = "ServisOtomasyonu", "ServisOtomasyonu\ServisOtomasyonu.csproj", "{940C4EC1-CC04-44D2-B335-765BA86AFDF9}"
EndProject
Global
	GlobalSection(SolutionConfigurationPlatforms) = preSolution
		Debug|Any CPU = Debug|Any CPU
		Release|Any CPU = Release|Any CPU
	EndGlobalSection
	GlobalSection(ProjectConfigurationPlatforms) = postSolution
		{940C4EC1-CC04-44D2-B335-765BA86AFDF9}.Debug|Any CPU.ActiveCfg = Debug|Any CPU
		{940C4EC1-CC04-44D2-B335-765BA86AFDF9}.Debug|Any CPU.Build.0 = Debug|Any CPU
		{940C4EC1-CC04-44D2-B335-765BA86AFDF9}.Release|Any CPU.ActiveCfg = Release|Any CPU
		{940C4EC1-CC04-44D2-B335-765BA86AFDF9}.Release|Any CPU.Build.0 = Release|Any CPU
	EndGlobalSection
	GlobalSection(SolutionProperties) = preSolution
		HideSolutionNode = FALSE
	EndGlobalSection
	GlobalSection(ExtensibilityGlobals) = postSolution
		SolutionGuid = {F947F21A-4CCA-4D73-A640-71BD821EF6A8}
	EndGlobalSection
EndGlobal
